PODS:
  - Alamofire (4.8.2)
  - AlamofireCoreData (2.0.0):
    - Alamofire (~> 4.7)
    - Groot (~> 3.0)
  - AlamofireNetworkActivityLogger (2.4.0):
    - Alamofire (~> 4.8)
  - Groot (3.0.1):
    - Groot/Swift (= 3.0.1)
  - Groot/Swift (3.0.1)
  - Nimble (8.0.1)
  - OHHTTPStubs/Core (8.0.0)
  - OHHTTPStubs/Default (8.0.0):
    - OHHTTPStubs/Core
    - OHHTTPStubs/JSON
    - OHHTTPStubs/NSURLSession
    - OHHTTPStubs/OHPathHelpers
  - OHHTTPStubs/JSON (8.0.0):
    - OHHTTPStubs/Core
  - OHHTTPStubs/NSURLSession (8.0.0):
    - OHHTTPStubs/Core
  - OHHTTPStubs/OHPathHelpers (8.0.0)
  - OHHTTPStubs/Swift (8.0.0):
    - OHHTTPStubs/Default
  - Quick (2.1.0)
  - Result (3.2.4)
  - SDWebImage (5.0.3):
    - SDWebImage/Core (= 5.0.3)
  - SDWebImage/Core (5.0.3)
  - SugarRecord/CoreData (3.1.2):
    - Result (~> 3.0)

DEPENDENCIES:
  - Alamofire (~> 4.8.2)
  - AlamofireCoreData (~> 2.0.0)
  - AlamofireNetworkActivityLogger (~> 2.3)
  - Groot (~> 3.0.1)
  - Nimble (= 8.0.1)
  - OHHTTPStubs/Swift (~> 8.0.0)
  - Quick (= 2.1.0)
  - SDWebImage (~> 5.0.3)
  - SugarRecord/CoreData (~> 3.1.2)

SPEC REPOS:
  https://github.com/cocoapods/specs.git:
    - Alamofire
    - AlamofireCoreData
    - AlamofireNetworkActivityLogger
    - Groot
    - Nimble
    - OHHTTPStubs
    - Quick
    - Result
    - SDWebImage
    - SugarRecord

SPEC CHECKSUMS:
  Alamofire: ae5c501addb7afdbb13687d7f2f722c78734c2d3
  AlamofireCoreData: 3205949bd789c2aa5e1cd8f4d703631c9d7ba09c
  AlamofireNetworkActivityLogger: 6d3398c692d2c5d83b0c58793537860aca1e383d
  Groot: a668afbcf0be88d76c0a26c714cfa4638ceaca66
  Nimble: 45f786ae66faa9a709624227fae502db55a8bdd0
  OHHTTPStubs: 9cbce6364bec557cc3439aa6bb7514670d780881
  Quick: 4be43f6634acfa727dd106bdf3929ce125ffa79d
  Result: d2d07204ce72856f1fd9130bbe42c35a7b0fea10
  SDWebImage: d4f87d7d36c8a4d9f9459dc282e0caa057fdf935
  SugarRecord: be6aa5c18b4a4dec0de4c1f49fc61c85eabb5328

PODFILE CHECKSUM: 13c37a1a463e7a96612490b7640551f79fca77e3

COCOAPODS: 1.6.1
